github.com/FortAwesome/Font-Awesome v0.0.0-20240108205627-a1232e345536 h1:LFS9LpoSZYhxQ6clU0NIVbaGR08BlxAs4b+9W+7IGVQ=
github.com/FortAwesome/Font-Awesome v0.0.0-20240108205627-a1232e345536/go.mod h1:IUgezN/MFpCDIlFezw3L8j83oeiIuYoj28Miwr/KUYo=
github.com/twbs/bootstrap v5.3.3+incompatible h1:goFoqinzdHfkeegpFP7pvhbd0g+A3O2hbU3XCjuNrEQ=
github.com/twbs/bootstrap v5.3.3+incompatible/go.mod h1:fZTSrkpSf0/HkL0IIJzvVspTt1r9zuf7XlZau8kpcY0=
